{
  "name": "testslideout",
  "version": "0.1.0",
  "lockfileVersion": 3,
  "requires": true,
  "packages": {
    "": {
      "name": "testslideout",
      "version": "0.1.0",
      "license": "MIT",
      "dependencies": {
        "slideout": "^1.0.1"
      }
    },
    "node_modules/decouple": {
      "version": "0.0.2",
      "resolved": "https://registry.npmjs.org/decouple/-/decouple-0.0.2.tgz",
      "integrity": "sha512-qXqJDCIYRNAVxqPMcJ+/d7CS76P1lJzHZfYs7v+t1ecB2aEqH4fp9Owg9OITYMOPCOmA0WgH9jUNqDbZb+hLuQ=="
    },
    "node_modules/emitter": {
      "version": "0.0.7",
      "resolved": "git+ssh://git@github.com/Mango/emitter.git#41ab8a3956269c7ed468bde50203e15b3274152f",
      "license": "MIT"
    },
    "node_modules/slideout": {
      "version": "1.0.1",
      "resolved": "https://registry.npmjs.org/slideout/-/slideout-1.0.1.tgz",
      "integrity": "sha512-vbGfQ1A6OaONXycA83BxFiFQy9QVkmOwSX9B8YJdaFBTWe/gzU2Iz5U16dP5yYJmYK0IVXXuEWJyiKB6jNEAHQ==",
      "dependencies": {
        "decouple": "0.0.2",
        "emitter": "git+https://github.com/Mango/emitter.git#0.0.7"
      }
    }
  }
}
